
Microsoft Visual Studio Solution File, Format Version 12.00
# Visual Studio 15
VisualStudioVersion = 15.0.28010.2046
MinimumVisualStudioVersion = 10.0.40219.1
Project("{FAE04EC0-301F-11D3-BF4B-00C04F79EFBC}") = "UI.Android", "UI\UI.Android\UI.Android.csproj", "{24CE3C36-16B9-426D-AA0C-5961ECF8D88C}"
EndProject
Project("{FAE04EC0-301F-11D3-BF4B-00C04F79EFBC}") = "UI.iOS", "UI\UI.iOS\UI.iOS.csproj", "{26710606-1EF4-4F39-B079-6E45114C9651}"
EndProject
Project("{FAE04EC0-301F-11D3-BF4B-00C04F79EFBC}") = "UI.UWP", "UI\UI.UWP\UI.UWP.csproj", "{D3ACB397-1B9F-4491-8CAE-450C070F61D3}"
EndProject
Project("{9A19103F-16F7-4668-BE54-9A1E7A4F7556}") = "UI.MobileAppService", "UI\UI.MobileAppService\UI.MobileAppService.csproj", "{FF617B2E-DD51-49B6-8A91-B22E90CF3D5D}"
EndProject
Project("{9A19103F-16F7-4668-BE54-9A1E7A4F7556}") = "UI", "UI\UI\UI.csproj", "{E1C38D10-7963-4137-B2A1-FBFCB017F4F6}"
EndProject
Project("{2150E333-8FDC-42A3-9474-1A3956D46DE8}") = "Solution Items", "Solution Items", "{65D06045-1309-45F5-8F8F-6C13DFAB49D3}"
	ProjectSection(SolutionItems) = preProject
		README.md = README.md
	EndProjectSection
EndProject
Project("{9A19103F-16F7-4668-BE54-9A1E7A4F7556}") = "Application", "Application\Application.csproj", "{BBCB4B01-16EF-472D-8357-034381FE3B8C}"
EndProject
Project("{9A19103F-16F7-4668-BE54-9A1E7A4F7556}") = "DB.Cosmos", "Database.CosmosDB\DB.Cosmos.csproj", "{E57BBF19-E9AD-4026-A943-5637494B0C08}"
EndProject
Project("{9A19103F-16F7-4668-BE54-9A1E7A4F7556}") = "UnitTests", "UnitTests\UnitTests.csproj", "{2FA3E476-A000-419E-9641-2FFD13783A84}"
EndProject
Global
	GlobalSection(SolutionConfigurationPlatforms) = preSolution
		Debug|Any CPU = Debug|Any CPU
		Debug|ARM = Debug|ARM
		Debug|iPhone = Debug|iPhone
		Debug|iPhoneSimulator = Debug|iPhoneSimulator
		Debug|x64 = Debug|x64
		Debug|x86 = Debug|x86
		Release|Any CPU = Release|Any CPU
		Release|ARM = Release|ARM
		Release|iPhone = Release|iPhone
		Release|iPhoneSimulator = Release|iPhoneSimulator
		Release|x64 = Release|x64
		Release|x86 = Release|x86
	EndGlobalSection
	GlobalSection(ProjectConfigurationPlatforms) = postSolution
		{24CE3C36-16B9-426D-AA0C-5961ECF8D88C}.Debug|Any CPU.ActiveCfg = Debug|Any CPU
		{24CE3C36-16B9-426D-AA0C-5961ECF8D88C}.Debug|Any CPU.Build.0 = Debug|Any CPU
		{24CE3C36-16B9-426D-AA0C-5961ECF8D88C}.Debug|Any CPU.Deploy.0 = Debug|Any CPU
		{24CE3C36-16B9-426D-AA0C-5961ECF8D88C}.Debug|ARM.ActiveCfg = Debug|Any CPU
		{24CE3C36-16B9-426D-AA0C-5961ECF8D88C}.Debug|ARM.Build.0 = Debug|Any CPU
		{24CE3C36-16B9-426D-AA0C-5961ECF8D88C}.Debug|ARM.Deploy.0 = Debug|Any CPU
		{24CE3C36-16B9-426D-AA0C-5961ECF8D88C}.Debug|iPhone.ActiveCfg = Debug|Any CPU
		{24CE3C36-16B9-426D-AA0C-5961ECF8D88C}.Debug|iPhone.Build.0 = Debug|Any CPU
		{24CE3C36-16B9-426D-AA0C-5961ECF8D88C}.Debug|iPhone.Deploy.0 = Debug|Any CPU
		{24CE3C36-16B9-426D-AA0C-5961ECF8D88C}.Debug|iPhoneSimulator.ActiveCfg = Debug|Any CPU
		{24CE3C36-16B9-426D-AA0C-5961ECF8D88C}.Debug|iPhoneSimulator.Build.0 = Debug|Any CPU
		{24CE3C36-16B9-426D-AA0C-5961ECF8D88C}.Debug|iPhoneSimulator.Deploy.0 = Debug|Any CPU
		{24CE3C36-16B9-426D-AA0C-5961ECF8D88C}.Debug|x64.ActiveCfg = Debug|Any CPU
		{24CE3C36-16B9-426D-AA0C-5961ECF8D88C}.Debug|x64.Build.0 = Debug|Any CPU
		{24CE3C36-16B9-426D-AA0C-5961ECF8D88C}.Debug|x64.Deploy.0 = Debug|Any CPU
		{24CE3C36-16B9-426D-AA0C-5961ECF8D88C}.Debug|x86.ActiveCfg = Debug|Any CPU
		{24CE3C36-16B9-426D-AA0C-5961ECF8D88C}.Debug|x86.Build.0 = Debug|Any CPU
		{24CE3C36-16B9-426D-AA0C-5961ECF8D88C}.Debug|x86.Deploy.0 = Debug|Any CPU
		{24CE3C36-16B9-426D-AA0C-5961ECF8D88C}.Release|Any CPU.ActiveCfg = Release|Any CPU
		{24CE3C36-16B9-426D-AA0C-5961ECF8D88C}.Release|Any CPU.Build.0 = Release|Any CPU
		{24CE3C36-16B9-426D-AA0C-5961ECF8D88C}.Release|Any CPU.Deploy.0 = Release|Any CPU
		{24CE3C36-16B9-426D-AA0C-5961ECF8D88C}.Release|ARM.ActiveCfg = Release|Any CPU
		{24CE3C36-16B9-426D-AA0C-5961ECF8D88C}.Release|ARM.Build.0 = Release|Any CPU
		{24CE3C36-16B9-426D-AA0C-5961ECF8D88C}.Release|ARM.Deploy.0 = Release|Any CPU
		{24CE3C36-16B9-426D-AA0C-5961ECF8D88C}.Release|iPhone.ActiveCfg = Release|Any CPU
		{24CE3C36-16B9-426D-AA0C-5961ECF8D88C}.Release|iPhone.Build.0 = Release|Any CPU
		{24CE3C36-16B9-426D-AA0C-5961ECF8D88C}.Release|iPhone.Deploy.0 = Release|Any CPU
		{24CE3C36-16B9-426D-AA0C-5961ECF8D88C}.Release|iPhoneSimulator.ActiveCfg = Release|Any CPU
		{24CE3C36-16B9-426D-AA0C-5961ECF8D88C}.Release|iPhoneSimulator.Build.0 = Release|Any CPU
		{24CE3C36-16B9-426D-AA0C-5961ECF8D88C}.Release|iPhoneSimulator.Deploy.0 = Release|Any CPU
		{24CE3C36-16B9-426D-AA0C-5961ECF8D88C}.Release|x64.ActiveCfg = Release|Any CPU
		{24CE3C36-16B9-426D-AA0C-5961ECF8D88C}.Release|x64.Build.0 = Release|Any CPU
		{24CE3C36-16B9-426D-AA0C-5961ECF8D88C}.Release|x64.Deploy.0 = Release|Any CPU
		{24CE3C36-16B9-426D-AA0C-5961ECF8D88C}.Release|x86.ActiveCfg = Release|Any CPU
		{24CE3C36-16B9-426D-AA0C-5961ECF8D88C}.Release|x86.Build.0 = Release|Any CPU
		{24CE3C36-16B9-426D-AA0C-5961ECF8D88C}.Release|x86.Deploy.0 = Release|Any CPU
		{26710606-1EF4-4F39-B079-6E45114C9651}.Debug|Any CPU.ActiveCfg = Debug|iPhoneSimulator
		{26710606-1EF4-4F39-B079-6E45114C9651}.Debug|Any CPU.Build.0 = Debug|iPhoneSimulator
		{26710606-1EF4-4F39-B079-6E45114C9651}.Debug|Any CPU.Deploy.0 = Debug|iPhoneSimulator
		{26710606-1EF4-4F39-B079-6E45114C9651}.Debug|ARM.ActiveCfg = Debug|iPhone
		{26710606-1EF4-4F39-B079-6E45114C9651}.Debug|ARM.Build.0 = Debug|iPhone
		{26710606-1EF4-4F39-B079-6E45114C9651}.Debug|ARM.Deploy.0 = Debug|iPhone
		{26710606-1EF4-4F39-B079-6E45114C9651}.Debug|iPhone.ActiveCfg = Debug|iPhone
		{26710606-1EF4-4F39-B079-6E45114C9651}.Debug|iPhone.Build.0 = Debug|iPhone
		{26710606-1EF4-4F39-B079-6E45114C9651}.Debug|iPhone.Deploy.0 = Debug|iPhone
		{26710606-1EF4-4F39-B079-6E45114C9651}.Debug|iPhoneSimulator.ActiveCfg = Debug|iPhoneSimulator
		{26710606-1EF4-4F39-B079-6E45114C9651}.Debug|iPhoneSimulator.Build.0 = Debug|iPhoneSimulator
		{26710606-1EF4-4F39-B079-6E45114C9651}.Debug|iPhoneSimulator.Deploy.0 = Debug|iPhoneSimulator
		{26710606-1EF4-4F39-B079-6E45114C9651}.Debug|x64.ActiveCfg = Debug|iPhone
		{26710606-1EF4-4F39-B079-6E45114C9651}.Debug|x64.Build.0 = Debug|iPhone
		{26710606-1EF4-4F39-B079-6E45114C9651}.Debug|x64.Deploy.0 = Debug|iPhone
		{26710606-1EF4-4F39-B079-6E45114C9651}.Debug|x86.ActiveCfg = Debug|iPhone
		{26710606-1EF4-4F39-B079-6E45114C9651}.Debug|x86.Build.0 = Debug|iPhone
		{26710606-1EF4-4F39-B079-6E45114C9651}.Debug|x86.Deploy.0 = Debug|iPhone
		{26710606-1EF4-4F39-B079-6E45114C9651}.Release|Any CPU.ActiveCfg = Release|iPhone
		{26710606-1EF4-4F39-B079-6E45114C9651}.Release|Any CPU.Build.0 = Release|iPhone
		{26710606-1EF4-4F39-B079-6E45114C9651}.Release|Any CPU.Deploy.0 = Release|iPhone
		{26710606-1EF4-4F39-B079-6E45114C9651}.Release|ARM.ActiveCfg = Release|iPhone
		{26710606-1EF4-4F39-B079-6E45114C9651}.Release|ARM.Build.0 = Release|iPhone
		{26710606-1EF4-4F39-B079-6E45114C9651}.Release|ARM.Deploy.0 = Release|iPhone
		{26710606-1EF4-4F39-B079-6E45114C9651}.Release|iPhone.ActiveCfg = Release|iPhone
		{26710606-1EF4-4F39-B079-6E45114C9651}.Release|iPhone.Build.0 = Release|iPhone
		{26710606-1EF4-4F39-B079-6E45114C9651}.Release|iPhone.Deploy.0 = Release|iPhone
		{26710606-1EF4-4F39-B079-6E45114C9651}.Release|iPhoneSimulator.ActiveCfg = Release|iPhoneSimulator
		{26710606-1EF4-4F39-B079-6E45114C9651}.Release|iPhoneSimulator.Build.0 = Release|iPhoneSimulator
		{26710606-1EF4-4F39-B079-6E45114C9651}.Release|iPhoneSimulator.Deploy.0 = Release|iPhoneSimulator
		{26710606-1EF4-4F39-B079-6E45114C9651}.Release|x64.ActiveCfg = Release|iPhone
		{26710606-1EF4-4F39-B079-6E45114C9651}.Release|x64.Build.0 = Release|iPhone
		{26710606-1EF4-4F39-B079-6E45114C9651}.Release|x64.Deploy.0 = Release|iPhone
		{26710606-1EF4-4F39-B079-6E45114C9651}.Release|x86.ActiveCfg = Release|iPhone
		{26710606-1EF4-4F39-B079-6E45114C9651}.Release|x86.Build.0 = Release|iPhone
		{26710606-1EF4-4F39-B079-6E45114C9651}.Release|x86.Deploy.0 = Release|iPhone
		{D3ACB397-1B9F-4491-8CAE-450C070F61D3}.Debug|Any CPU.ActiveCfg = Debug|x86
		{D3ACB397-1B9F-4491-8CAE-450C070F61D3}.Debug|Any CPU.Build.0 = Debug|x86
		{D3ACB397-1B9F-4491-8CAE-450C070F61D3}.Debug|Any CPU.Deploy.0 = Debug|x86
		{D3ACB397-1B9F-4491-8CAE-450C070F61D3}.Debug|ARM.ActiveCfg = Debug|ARM
		{D3ACB397-1B9F-4491-8CAE-450C070F61D3}.Debug|ARM.Build.0 = Debug|ARM
		{D3ACB397-1B9F-4491-8CAE-450C070F61D3}.Debug|ARM.Deploy.0 = Debug|ARM
		{D3ACB397-1B9F-4491-8CAE-450C070F61D3}.Debug|iPhone.ActiveCfg = Debug|x86
		{D3ACB397-1B9F-4491-8CAE-450C070F61D3}.Debug|iPhone.Build.0 = Debug|x86
		{D3ACB397-1B9F-4491-8CAE-450C070F61D3}.Debug|iPhone.Deploy.0 = Debug|x86
		{D3ACB397-1B9F-4491-8CAE-450C070F61D3}.Debug|iPhoneSimulator.ActiveCfg = Debug|x86
		{D3ACB397-1B9F-4491-8CAE-450C070F61D3}.Debug|iPhoneSimulator.Build.0 = Debug|x86
		{D3ACB397-1B9F-4491-8CAE-450C070F61D3}.Debug|iPhoneSimulator.Deploy.0 = Debug|x86
		{D3ACB397-1B9F-4491-8CAE-450C070F61D3}.Debug|x64.ActiveCfg = Debug|x64
		{D3ACB397-1B9F-4491-8CAE-450C070F61D3}.Debug|x64.Build.0 = Debug|x64
		{D3ACB397-1B9F-4491-8CAE-450C070F61D3}.Debug|x64.Deploy.0 = Debug|x64
		{D3ACB397-1B9F-4491-8CAE-450C070F61D3}.Debug|x86.ActiveCfg = Debug|x86
		{D3ACB397-1B9F-4491-8CAE-450C070F61D3}.Debug|x86.Build.0 = Debug|x86
		{D3ACB397-1B9F-4491-8CAE-450C070F61D3}.Debug|x86.Deploy.0 = Debug|x86
		{D3ACB397-1B9F-4491-8CAE-450C070F61D3}.Release|Any CPU.ActiveCfg = Release|x86
		{D3ACB397-1B9F-4491-8CAE-450C070F61D3}.Release|Any CPU.Build.0 = Release|x86
		{D3ACB397-1B9F-4491-8CAE-450C070F61D3}.Release|Any CPU.Deploy.0 = Release|x86
		{D3ACB397-1B9F-4491-8CAE-450C070F61D3}.Release|ARM.ActiveCfg = Release|ARM
		{D3ACB397-1B9F-4491-8CAE-450C070F61D3}.Release|ARM.Build.0 = Release|ARM
		{D3ACB397-1B9F-4491-8CAE-450C070F61D3}.Release|ARM.Deploy.0 = Release|ARM
		{D3ACB397-1B9F-4491-8CAE-450C070F61D3}.Release|iPhone.ActiveCfg = Release|x86
		{D3ACB397-1B9F-4491-8CAE-450C070F61D3}.Release|iPhone.Build.0 = Release|x86
		{D3ACB397-1B9F-4491-8CAE-450C070F61D3}.Release|iPhone.Deploy.0 = Release|x86
		{D3ACB397-1B9F-4491-8CAE-450C070F61D3}.Release|iPhoneSimulator.ActiveCfg = Release|x86
		{D3ACB397-1B9F-4491-8CAE-450C070F61D3}.Release|iPhoneSimulator.Build.0 = Release|x86
		{D3ACB397-1B9F-4491-8CAE-450C070F61D3}.Release|iPhoneSimulator.Deploy.0 = Release|x86
		{D3ACB397-1B9F-4491-8CAE-450C070F61D3}.Release|x64.ActiveCfg = Release|x64
		{D3ACB397-1B9F-4491-8CAE-450C070F61D3}.Release|x64.Build.0 = Release|x64
		{D3ACB397-1B9F-4491-8CAE-450C070F61D3}.Release|x64.Deploy.0 = Release|x64
		{D3ACB397-1B9F-4491-8CAE-450C070F61D3}.Release|x86.ActiveCfg = Release|x86
		{D3ACB397-1B9F-4491-8CAE-450C070F61D3}.Release|x86.Build.0 = Release|x86
		{D3ACB397-1B9F-4491-8CAE-450C070F61D3}.Release|x86.Deploy.0 = Release|x86
		{FF617B2E-DD51-49B6-8A91-B22E90CF3D5D}.Debug|Any CPU.ActiveCfg = Debug|Any CPU
		{FF617B2E-DD51-49B6-8A91-B22E90CF3D5D}.Debug|Any CPU.Build.0 = Debug|Any CPU
		{FF617B2E-DD51-49B6-8A91-B22E90CF3D5D}.Debug|Any CPU.Deploy.0 = Debug|Any CPU
		{FF617B2E-DD51-49B6-8A91-B22E90CF3D5D}.Debug|ARM.ActiveCfg = Debug|Any CPU
		{FF617B2E-DD51-49B6-8A91-B22E90CF3D5D}.Debug|ARM.Build.0 = Debug|Any CPU
		{FF617B2E-DD51-49B6-8A91-B22E90CF3D5D}.Debug|ARM.Deploy.0 = Debug|Any CPU
		{FF617B2E-DD51-49B6-8A91-B22E90CF3D5D}.Debug|iPhone.ActiveCfg = Debug|Any CPU
		{FF617B2E-DD51-49B6-8A91-B22E90CF3D5D}.Debug|iPhone.Build.0 = Debug|Any CPU
		{FF617B2E-DD51-49B6-8A91-B22E90CF3D5D}.Debug|iPhone.Deploy.0 = Debug|Any CPU
		{FF617B2E-DD51-49B6-8A91-B22E90CF3D5D}.Debug|iPhoneSimulator.ActiveCfg = Debug|Any CPU
		{FF617B2E-DD51-49B6-8A91-B22E90CF3D5D}.Debug|iPhoneSimulator.Build.0 = Debug|Any CPU
		{FF617B2E-DD51-49B6-8A91-B22E90CF3D5D}.Debug|iPhoneSimulator.Deploy.0 = Debug|Any CPU
		{FF617B2E-DD51-49B6-8A91-B22E90CF3D5D}.Debug|x64.ActiveCfg = Debug|Any CPU
		{FF617B2E-DD51-49B6-8A91-B22E90CF3D5D}.Debug|x64.Build.0 = Debug|Any CPU
		{FF617B2E-DD51-49B6-8A91-B22E90CF3D5D}.Debug|x64.Deploy.0 = Debug|Any CPU
		{FF617B2E-DD51-49B6-8A91-B22E90CF3D5D}.Debug|x86.ActiveCfg = Debug|Any CPU
		{FF617B2E-DD51-49B6-8A91-B22E90CF3D5D}.Debug|x86.Build.0 = Debug|Any CPU
		{FF617B2E-DD51-49B6-8A91-B22E90CF3D5D}.Debug|x86.Deploy.0 = Debug|Any CPU
		{FF617B2E-DD51-49B6-8A91-B22E90CF3D5D}.Release|Any CPU.ActiveCfg = Release|Any CPU
		{FF617B2E-DD51-49B6-8A91-B22E90CF3D5D}.Release|Any CPU.Build.0 = Release|Any CPU
		{FF617B2E-DD51-49B6-8A91-B22E90CF3D5D}.Release|Any CPU.Deploy.0 = Release|Any CPU
		{FF617B2E-DD51-49B6-8A91-B22E90CF3D5D}.Release|ARM.ActiveCfg = Release|Any CPU
		{FF617B2E-DD51-49B6-8A91-B22E90CF3D5D}.Release|ARM.Build.0 = Release|Any CPU
		{FF617B2E-DD51-49B6-8A91-B22E90CF3D5D}.Release|ARM.Deploy.0 = Release|Any CPU
		{FF617B2E-DD51-49B6-8A91-B22E90CF3D5D}.Release|iPhone.ActiveCfg = Release|Any CPU
		{FF617B2E-DD51-49B6-8A91-B22E90CF3D5D}.Release|iPhone.Build.0 = Release|Any CPU
		{FF617B2E-DD51-49B6-8A91-B22E90CF3D5D}.Release|iPhone.Deploy.0 = Release|Any CPU
		{FF617B2E-DD51-49B6-8A91-B22E90CF3D5D}.Release|iPhoneSimulator.ActiveCfg = Release|Any CPU
		{FF617B2E-DD51-49B6-8A91-B22E90CF3D5D}.Release|iPhoneSimulator.Build.0 = Release|Any CPU
		{FF617B2E-DD51-49B6-8A91-B22E90CF3D5D}.Release|iPhoneSimulator.Deploy.0 = Release|Any CPU
		{FF617B2E-DD51-49B6-8A91-B22E90CF3D5D}.Release|x64.ActiveCfg = Release|Any CPU
		{FF617B2E-DD51-49B6-8A91-B22E90CF3D5D}.Release|x64.Build.0 = Release|Any CPU
		{FF617B2E-DD51-49B6-8A91-B22E90CF3D5D}.Release|x64.Deploy.0 = Release|Any CPU
		{FF617B2E-DD51-49B6-8A91-B22E90CF3D5D}.Release|x86.ActiveCfg = Release|Any CPU
		{FF617B2E-DD51-49B6-8A91-B22E90CF3D5D}.Release|x86.Build.0 = Release|Any CPU
		{FF617B2E-DD51-49B6-8A91-B22E90CF3D5D}.Release|x86.Deploy.0 = Release|Any CPU
		{E1C38D10-7963-4137-B2A1-FBFCB017F4F6}.Debug|Any CPU.ActiveCfg = Debug|Any CPU
		{E1C38D10-7963-4137-B2A1-FBFCB017F4F6}.Debug|Any CPU.Build.0 = Debug|Any CPU
		{E1C38D10-7963-4137-B2A1-FBFCB017F4F6}.Debug|Any CPU.Deploy.0 = Debug|Any CPU
		{E1C38D10-7963-4137-B2A1-FBFCB017F4F6}.Debug|ARM.ActiveCfg = Debug|Any CPU
		{E1C38D10-7963-4137-B2A1-FBFCB017F4F6}.Debug|ARM.Build.0 = Debug|Any CPU
		{E1C38D10-7963-4137-B2A1-FBFCB017F4F6}.Debug|ARM.Deploy.0 = Debug|Any CPU
		{E1C38D10-7963-4137-B2A1-FBFCB017F4F6}.Debug|iPhone.ActiveCfg = Debug|Any CPU
		{E1C38D10-7963-4137-B2A1-FBFCB017F4F6}.Debug|iPhone.Build.0 = Debug|Any CPU
		{E1C38D10-7963-4137-B2A1-FBFCB017F4F6}.Debug|iPhone.Deploy.0 = Debug|Any CPU
		{E1C38D10-7963-4137-B2A1-FBFCB017F4F6}.Debug|iPhoneSimulator.ActiveCfg = Debug|Any CPU
		{E1C38D10-7963-4137-B2A1-FBFCB017F4F6}.Debug|iPhoneSimulator.Build.0 = Debug|Any CPU
		{E1C38D10-7963-4137-B2A1-FBFCB017F4F6}.Debug|iPhoneSimulator.Deploy.0 = Debug|Any CPU
		{E1C38D10-7963-4137-B2A1-FBFCB017F4F6}.Debug|x64.ActiveCfg = Debug|Any CPU
		{E1C38D10-7963-4137-B2A1-FBFCB017F4F6}.Debug|x64.Build.0 = Debug|Any CPU
		{E1C38D10-7963-4137-B2A1-FBFCB017F4F6}.Debug|x64.Deploy.0 = Debug|Any CPU
		{E1C38D10-7963-4137-B2A1-FBFCB017F4F6}.Debug|x86.ActiveCfg = Debug|Any CPU
		{E1C38D10-7963-4137-B2A1-FBFCB017F4F6}.Debug|x86.Build.0 = Debug|Any CPU
		{E1C38D10-7963-4137-B2A1-FBFCB017F4F6}.Debug|x86.Deploy.0 = Debug|Any CPU
		{E1C38D10-7963-4137-B2A1-FBFCB017F4F6}.Release|Any CPU.ActiveCfg = Release|Any CPU
		{E1C38D10-7963-4137-B2A1-FBFCB017F4F6}.Release|Any CPU.Build.0 = Release|Any CPU
		{E1C38D10-7963-4137-B2A1-FBFCB017F4F6}.Release|Any CPU.Deploy.0 = Release|Any CPU
		{E1C38D10-7963-4137-B2A1-FBFCB017F4F6}.Release|ARM.ActiveCfg = Release|Any CPU
		{E1C38D10-7963-4137-B2A1-FBFCB017F4F6}.Release|ARM.Build.0 = Release|Any CPU
		{E1C38D10-7963-4137-B2A1-FBFCB017F4F6}.Release|ARM.Deploy.0 = Release|Any CPU
		{E1C38D10-7963-4137-B2A1-FBFCB017F4F6}.Release|iPhone.ActiveCfg = Release|Any CPU
		{E1C38D10-7963-4137-B2A1-FBFCB017F4F6}.Release|iPhone.Build.0 = Release|Any CPU
		{E1C38D10-7963-4137-B2A1-FBFCB017F4F6}.Release|iPhone.Deploy.0 = Release|Any CPU
		{E1C38D10-7963-4137-B2A1-FBFCB017F4F6}.Release|iPhoneSimulator.ActiveCfg = Release|Any CPU
		{E1C38D10-7963-4137-B2A1-FBFCB017F4F6}.Release|iPhoneSimulator.Build.0 = Release|Any CPU
		{E1C38D10-7963-4137-B2A1-FBFCB017F4F6}.Release|iPhoneSimulator.Deploy.0 = Release|Any CPU
		{E1C38D10-7963-4137-B2A1-FBFCB017F4F6}.Release|x64.ActiveCfg = Release|Any CPU
		{E1C38D10-7963-4137-B2A1-FBFCB017F4F6}.Release|x64.Build.0 = Release|Any CPU
		{E1C38D10-7963-4137-B2A1-FBFCB017F4F6}.Release|x64.Deploy.0 = Release|Any CPU
		{E1C38D10-7963-4137-B2A1-FBFCB017F4F6}.Release|x86.ActiveCfg = Release|Any CPU
		{E1C38D10-7963-4137-B2A1-FBFCB017F4F6}.Release|x86.Build.0 = Release|Any CPU
		{E1C38D10-7963-4137-B2A1-FBFCB017F4F6}.Release|x86.Deploy.0 = Release|Any CPU
		{BBCB4B01-16EF-472D-8357-034381FE3B8C}.Debug|Any CPU.ActiveCfg = Debug|Any CPU
		{BBCB4B01-16EF-472D-8357-034381FE3B8C}.Debug|Any CPU.Build.0 = Debug|Any CPU
		{BBCB4B01-16EF-472D-8357-034381FE3B8C}.Debug|ARM.ActiveCfg = Debug|Any CPU
		{BBCB4B01-16EF-472D-8357-034381FE3B8C}.Debug|ARM.Build.0 = Debug|Any CPU
		{BBCB4B01-16EF-472D-8357-034381FE3B8C}.Debug|iPhone.ActiveCfg = Debug|Any CPU
		{BBCB4B01-16EF-472D-8357-034381FE3B8C}.Debug|iPhone.Build.0 = Debug|Any CPU
		{BBCB4B01-16EF-472D-8357-034381FE3B8C}.Debug|iPhoneSimulator.ActiveCfg = Debug|Any CPU
		{BBCB4B01-16EF-472D-8357-034381FE3B8C}.Debug|iPhoneSimulator.Build.0 = Debug|Any CPU
		{BBCB4B01-16EF-472D-8357-034381FE3B8C}.Debug|x64.ActiveCfg = Debug|Any CPU
		{BBCB4B01-16EF-472D-8357-034381FE3B8C}.Debug|x64.Build.0 = Debug|Any CPU
		{BBCB4B01-16EF-472D-8357-034381FE3B8C}.Debug|x86.ActiveCfg = Debug|Any CPU
		{BBCB4B01-16EF-472D-8357-034381FE3B8C}.Debug|x86.Build.0 = Debug|Any CPU
		{BBCB4B01-16EF-472D-8357-034381FE3B8C}.Release|Any CPU.ActiveCfg = Release|Any CPU
		{BBCB4B01-16EF-472D-8357-034381FE3B8C}.Release|Any CPU.Build.0 = Release|Any CPU
		{BBCB4B01-16EF-472D-8357-034381FE3B8C}.Release|ARM.ActiveCfg = Release|Any CPU
		{BBCB4B01-16EF-472D-8357-034381FE3B8C}.Release|ARM.Build.0 = Release|Any CPU
		{BBCB4B01-16EF-472D-8357-034381FE3B8C}.Release|iPhone.ActiveCfg = Release|Any CPU
		{BBCB4B01-16EF-472D-8357-034381FE3B8C}.Release|iPhone.Build.0 = Release|Any CPU
		{BBCB4B01-16EF-472D-8357-034381FE3B8C}.Release|iPhoneSimulator.ActiveCfg = Release|Any CPU
		{BBCB4B01-16EF-472D-8357-034381FE3B8C}.Release|iPhoneSimulator.Build.0 = Release|Any CPU
		{BBCB4B01-16EF-472D-8357-034381FE3B8C}.Release|x64.ActiveCfg = Release|Any CPU
		{BBCB4B01-16EF-472D-8357-034381FE3B8C}.Release|x64.Build.0 = Release|Any CPU
		{BBCB4B01-16EF-472D-8357-034381FE3B8C}.Release|x86.ActiveCfg = Release|Any CPU
		{BBCB4B01-16EF-472D-8357-034381FE3B8C}.Release|x86.Build.0 = Release|Any CPU
		{E57BBF19-E9AD-4026-A943-5637494B0C08}.Debug|Any CPU.ActiveCfg = Debug|Any CPU
		{E57BBF19-E9AD-4026-A943-5637494B0C08}.Debug|Any CPU.Build.0 = Debug|Any CPU
		{E57BBF19-E9AD-4026-A943-5637494B0C08}.Debug|ARM.ActiveCfg = Debug|Any CPU
		{E57BBF19-E9AD-4026-A943-5637494B0C08}.Debug|ARM.Build.0 = Debug|Any CPU
		{E57BBF19-E9AD-4026-A943-5637494B0C08}.Debug|iPhone.ActiveCfg = Debug|Any CPU
		{E57BBF19-E9AD-4026-A943-5637494B0C08}.Debug|iPhone.Build.0 = Debug|Any CPU
		{E57BBF19-E9AD-4026-A943-5637494B0C08}.Debug|iPhoneSimulator.ActiveCfg = Debug|Any CPU
		{E57BBF19-E9AD-4026-A943-5637494B0C08}.Debug|iPhoneSimulator.Build.0 = Debug|Any CPU
		{E57BBF19-E9AD-4026-A943-5637494B0C08}.Debug|x64.ActiveCfg = Debug|Any CPU
		{E57BBF19-E9AD-4026-A943-5637494B0C08}.Debug|x64.Build.0 = Debug|Any CPU
		{E57BBF19-E9AD-4026-A943-5637494B0C08}.Debug|x86.ActiveCfg = Debug|Any CPU
		{E57BBF19-E9AD-4026-A943-5637494B0C08}.Debug|x86.Build.0 = Debug|Any CPU
		{E57BBF19-E9AD-4026-A943-5637494B0C08}.Release|Any CPU.ActiveCfg = Release|Any CPU
		{E57BBF19-E9AD-4026-A943-5637494B0C08}.Release|Any CPU.Build.0 = Release|Any CPU
		{E57BBF19-E9AD-4026-A943-5637494B0C08}.Release|ARM.ActiveCfg = Release|Any CPU
		{E57BBF19-E9AD-4026-A943-5637494B0C08}.Release|ARM.Build.0 = Release|Any CPU
		{E57BBF19-E9AD-4026-A943-5637494B0C08}.Release|iPhone.ActiveCfg = Release|Any CPU
		{E57BBF19-E9AD-4026-A943-5637494B0C08}.Release|iPhone.Build.0 = Release|Any CPU
		{E57BBF19-E9AD-4026-A943-5637494B0C08}.Release|iPhoneSimulator.ActiveCfg = Release|Any CPU
		{E57BBF19-E9AD-4026-A943-5637494B0C08}.Release|iPhoneSimulator.Build.0 = Release|Any CPU
		{E57BBF19-E9AD-4026-A943-5637494B0C08}.Release|x64.ActiveCfg = Release|Any CPU
		{E57BBF19-E9AD-4026-A943-5637494B0C08}.Release|x64.Build.0 = Release|Any CPU
		{E57BBF19-E9AD-4026-A943-5637494B0C08}.Release|x86.ActiveCfg = Release|Any CPU
		{E57BBF19-E9AD-4026-A943-5637494B0C08}.Release|x86.Build.0 = Release|Any CPU
		{2FA3E476-A000-419E-9641-2FFD13783A84}.Debug|Any CPU.ActiveCfg = Debug|Any CPU
		{2FA3E476-A000-419E-9641-2FFD13783A84}.Debug|Any CPU.Build.0 = Debug|Any CPU
		{2FA3E476-A000-419E-9641-2FFD13783A84}.Debug|ARM.ActiveCfg = Debug|Any CPU
		{2FA3E476-A000-419E-9641-2FFD13783A84}.Debug|ARM.Build.0 = Debug|Any CPU
		{2FA3E476-A000-419E-9641-2FFD13783A84}.Debug|iPhone.ActiveCfg = Debug|Any CPU
		{2FA3E476-A000-419E-9641-2FFD13783A84}.Debug|iPhone.Build.0 = Debug|Any CPU
		{2FA3E476-A000-419E-9641-2FFD13783A84}.Debug|iPhoneSimulator.ActiveCfg = Debug|Any CPU
		{2FA3E476-A000-419E-9641-2FFD13783A84}.Debug|iPhoneSimulator.Build.0 = Debug|Any CPU
		{2FA3E476-A000-419E-9641-2FFD13783A84}.Debug|x64.ActiveCfg = Debug|Any CPU
		{2FA3E476-A000-419E-9641-2FFD13783A84}.Debug|x64.Build.0 = Debug|Any CPU
		{2FA3E476-A000-419E-9641-2FFD13783A84}.Debug|x86.ActiveCfg = Debug|Any CPU
		{2FA3E476-A000-419E-9641-2FFD13783A84}.Debug|x86.Build.0 = Debug|Any CPU
		{2FA3E476-A000-419E-9641-2FFD13783A84}.Release|Any CPU.ActiveCfg = Release|Any CPU
		{2FA3E476-A000-419E-9641-2FFD13783A84}.Release|Any CPU.Build.0 = Release|Any CPU
		{2FA3E476-A000-419E-9641-2FFD13783A84}.Release|ARM.ActiveCfg = Release|Any CPU
		{2FA3E476-A000-419E-9641-2FFD13783A84}.Release|ARM.Build.0 = Release|Any CPU
		{2FA3E476-A000-419E-9641-2FFD13783A84}.Release|iPhone.ActiveCfg = Release|Any CPU
		{2FA3E476-A000-419E-9641-2FFD13783A84}.Release|iPhone.Build.0 = Release|Any CPU
		{2FA3E476-A000-419E-9641-2FFD13783A84}.Release|iPhoneSimulator.ActiveCfg = Release|Any CPU
		{2FA3E476-A000-419E-9641-2FFD13783A84}.Release|iPhoneSimulator.Build.0 = Release|Any CPU
		{2FA3E476-A000-419E-9641-2FFD13783A84}.Release|x64.ActiveCfg = Release|Any CPU
		{2FA3E476-A000-419E-9641-2FFD13783A84}.Release|x64.Build.0 = Release|Any CPU
		{2FA3E476-A000-419E-9641-2FFD13783A84}.Release|x86.ActiveCfg = Release|Any CPU
		{2FA3E476-A000-419E-9641-2FFD13783A84}.Release|x86.Build.0 = Release|Any CPU
	EndGlobalSection
	GlobalSection(SolutionProperties) = preSolution
		HideSolutionNode = FALSE
	EndGlobalSection
	GlobalSection(ExtensibilityGlobals) = postSolution
		SolutionGuid = {ABAF9324-25D3-4E9A-B7B2-2E89471B08CD}
	EndGlobalSection
EndGlobal
